
Microsoft Visual Studio Solution File, Format Version 12.00
# Visual Studio Version 16
VisualStudioVersion = 16.0.30114.105
MinimumVisualStudioVersion = 10.0.40219.1
Project("{FAE04EC0-301F-11D3-BF4B-00C04F79EFBC}") = "BugTracker_API", "BugTracker_API\BugTracker_API.csproj", "{EAB5E69C-FAC3-4A7A-8882-A8F69AF9A76D}"
EndProject
Global
	GlobalSection(SolutionConfigurationPlatforms) = preSolution
		Debug|Any CPU = Debug|Any CPU
		Release|Any CPU = Release|Any CPU
	EndGlobalSection
	GlobalSection(ProjectConfigurationPlatforms) = postSolution
		{EAB5E69C-FAC3-4A7A-8882-A8F69AF9A76D}.Debug|Any CPU.ActiveCfg = Debug|Any CPU
		{EAB5E69C-FAC3-4A7A-8882-A8F69AF9A76D}.Debug|Any CPU.Build.0 = Debug|Any CPU
		{EAB5E69C-FAC3-4A7A-8882-A8F69AF9A76D}.Release|Any CPU.ActiveCfg = Release|Any CPU
		{EAB5E69C-FAC3-4A7A-8882-A8F69AF9A76D}.Release|Any CPU.Build.0 = Release|Any CPU
	EndGlobalSection
	GlobalSection(SolutionProperties) = preSolution
		HideSolutionNode = FALSE
	EndGlobalSection
	GlobalSection(ExtensibilityGlobals) = postSolution
		SolutionGuid = {46337510-0A88-49E3-9E1D-59B29786D455}
	EndGlobalSection
EndGlobal
